
Microsoft Visual Studio Solution File, Format Version 10.00
# Visual Studio 2008
Project("{FAE04EC0-301F-11D3-BF4B-00C04F79EFBC}") = "scientrace-lib", "scientrace-lib.csproj", "{A12671E2-3FB6-4598-BC32-C11BD3827EEF}"
EndProject
Global
	GlobalSection(SolutionConfigurationPlatforms) = preSolution
		Debug|x86 = Debug|x86
		Release|x86 = Release|x86
	EndGlobalSection
	GlobalSection(ProjectConfigurationPlatforms) = postSolution
		{A12671E2-3FB6-4598-BC32-C11BD3827EEF}.Debug|x86.ActiveCfg = Debug|x86
		{A12671E2-3FB6-4598-BC32-C11BD3827EEF}.Debug|x86.Build.0 = Debug|x86
		{A12671E2-3FB6-4598-BC32-C11BD3827EEF}.Release|x86.ActiveCfg = Release|x86
		{A12671E2-3FB6-4598-BC32-C11BD3827EEF}.Release|x86.Build.0 = Release|x86
	EndGlobalSection
	GlobalSection(MonoDevelopProperties) = preSolution
		StartupItem = scientrace-lib.csproj
	EndGlobalSection
EndGlobal
